// !$*UTF8*$!
{
	archiveVersion = 1;
	classes = {
	};
	objectVersion = 50;
	objects = {

/* Begin PBXBuildFile section */
		C7BC171626D3D21200B7E4F8 /* Main.storyboard in Resources */ = {isa = PBXBuildFile; fileRef = C7BC171426D3D21200B7E4F8 /* Main.storyboard */; };
		C7BC171826D3D21500B7E4F8 /* Assets.xcassets in Resources */ = {isa = PBXBuildFile; fileRef = C7BC171726D3D21500B7E4F8 /* Assets.xcassets */; };
		C7BC171B26D3D21500B7E4F8 /* LaunchScreen.storyboard in Resources */ = {isa = PBXBuildFile; fileRef = C7BC171926D3D21500B7E4F8 /* LaunchScreen.storyboard */; };
		C7BC172626D3D21600B7E4F8 /* IllhaTaskTests.swift in Sources */ = {isa = PBXBuildFile; fileRef = C7BC172526D3D21600B7E4F8 /* IllhaTaskTests.swift */; };
		C7BC173126D3D21600B7E4F8 /* IllhaTaskUITests.swift in Sources */ = {isa = PBXBuildFile; fileRef = C7BC173026D3D21600B7E4F8 /* IllhaTaskUITests.swift */; };
		C7BC174126D3DE0400B7E4F8 /* AppDelegate.swift in Sources */ = {isa = PBXBuildFile; fileRef = C7BC173F26D3DE0400B7E4F8 /* AppDelegate.swift */; };
		C7BC174226D3DE0400B7E4F8 /* SceneDelegate.swift in Sources */ = {isa = PBXBuildFile; fileRef = C7BC174026D3DE0400B7E4F8 /* SceneDelegate.swift */; };
		C7BC174726D3DEDA00B7E4F8 /* PostingViewController.swift in Sources */ = {isa = PBXBuildFile; fileRef = C7BC174626D3DEDA00B7E4F8 /* PostingViewController.swift */; };
		C7DEF2FE26D4A8CE0099C89D /* PostViewModel.swift in Sources */ = {isa = PBXBuildFile; fileRef = C7DEF2FD26D4A8CE0099C89D /* PostViewModel.swift */; };
		C7DEF30226D4A9100099C89D /* PostModel.swift in Sources */ = {isa = PBXBuildFile; fileRef = C7DEF30126D4A9100099C89D /* PostModel.swift */; };
		C7DEF30826D4A9820099C89D /* Networking.swift in Sources */ = {isa = PBXBuildFile; fileRef = C7DEF30726D4A9820099C89D /* Networking.swift */; };
		C7DEF30A26D4A9AC0099C89D /* PostAPIService.swift in Sources */ = {isa = PBXBuildFile; fileRef = C7DEF30926D4A9AC0099C89D /* PostAPIService.swift */; };
		C7DEF30C26D4A9E10099C89D /* AppUrl.swift in Sources */ = {isa = PBXBuildFile; fileRef = C7DEF30B26D4A9E10099C89D /* AppUrl.swift */; };
		C7DEF32726D51C3D0099C89D /* ImageCollectionCollectionViewCell.swift in Sources */ = {isa = PBXBuildFile; fileRef = C7DEF32626D51C3D0099C89D /* ImageCollectionCollectionViewCell.swift */; };
		C7E8C08026D3F34E0009F10B /* PsotingTableViewCell1.swift in Sources */ = {isa = PBXBuildFile; fileRef = C7E8C07F26D3F34E0009F10B /* PsotingTableViewCell1.swift */; };
/* End PBXBuildFile section */

/* Begin PBXContainerItemProxy section */
		C7BC172226D3D21600B7E4F8 /* PBXContainerItemProxy */ = {
			isa = PBXContainerItemProxy;
			containerPortal = C7BC170326D3D21200B7E4F8 /* Project object */;
			proxyType = 1;
			remoteGlobalIDString = C7BC170A26D3D21200B7E4F8;
			remoteInfo = IllhaTask;
		};
		C7BC172D26D3D21600B7E4F8 /* PBXContainerItemProxy */ = {
			isa = PBXContainerItemProxy;
			containerPortal = C7BC170326D3D21200B7E4F8 /* Project object */;
			proxyType = 1;
			remoteGlobalIDString = C7BC170A26D3D21200B7E4F8;
			remoteInfo = IllhaTask;
		};
/* End PBXContainerItemProxy section */

/* Begin PBXFileReference section */
		C7BC170B26D3D21200B7E4F8 /* IllhaTask.app */ = {isa = PBXFileReference; explicitFileType = wrapper.application; includeInIndex = 0; path = IllhaTask.app; sourceTree = BUILT_PRODUCTS_DIR; };
		C7BC171526D3D21200B7E4F8 /* Base */ = {isa = PBXFileReference; lastKnownFileType = file.storyboard; name = Base; path = Base.lproj/Main.storyboard; sourceTree = "<group>"; };
		C7BC171726D3D21500B7E4F8 /* Assets.xcassets */ = {isa = PBXFileReference; lastKnownFileType = folder.assetcatalog; path = Assets.xcassets; sourceTree = "<group>"; };
		C7BC171A26D3D21500B7E4F8 /* Base */ = {isa = PBXFileReference; lastKnownFileType = file.storyboard; name = Base; path = Base.lproj/LaunchScreen.storyboard; sourceTree = "<group>"; };
		C7BC171C26D3D21500B7E4F8 /* Info.plist */ = {isa = PBXFileReference; lastKnownFileType = text.plist.xml; path = Info.plist; sourceTree = "<group>"; };
		C7BC172126D3D21600B7E4F8 /* IllhaTaskTests.xctest */ = {isa = PBXFileReference; explicitFileType = wrapper.cfbundle; includeInIndex = 0; path = IllhaTaskTests.xctest; sourceTree = BUILT_PRODUCTS_DIR; };
		C7BC172526D3D21600B7E4F8 /* IllhaTaskTests.swift */ = {isa = PBXFileReference; lastKnownFileType = sourcecode.swift; path = IllhaTaskTests.swift; sourceTree = "<group>"; };
		C7BC172726D3D21600B7E4F8 /* Info.plist */ = {isa = PBXFileReference; lastKnownFileType = text.plist.xml; path = Info.plist; sourceTree = "<group>"; };
		C7BC172C26D3D21600B7E4F8 /* IllhaTaskUITests.xctest */ = {isa = PBXFileReference; explicitFileType = wrapper.cfbundle; includeInIndex = 0; path = IllhaTaskUITests.xctest; sourceTree = BUILT_PRODUCTS_DIR; };
		C7BC173026D3D21600B7E4F8 /* IllhaTaskUITests.swift */ = {isa = PBXFileReference; lastKnownFileType = sourcecode.swift; path = IllhaTaskUITests.swift; sourceTree = "<group>"; };
		C7BC173226D3D21600B7E4F8 /* Info.plist */ = {isa = PBXFileReference; lastKnownFileType = text.plist.xml; path = Info.plist; sourceTree = "<group>"; };
		C7BC173F26D3DE0400B7E4F8 /* AppDelegate.swift */ = {isa = PBXFileReference; fileEncoding = 4; lastKnownFileType = sourcecode.swift; path = AppDelegate.swift; sourceTree = "<group>"; };
		C7BC174026D3DE0400B7E4F8 /* SceneDelegate.swift */ = {isa = PBXFileReference; fileEncoding = 4; lastKnownFileType = sourcecode.swift; path = SceneDelegate.swift; sourceTree = "<group>"; };
		C7BC174626D3DEDA00B7E4F8 /* PostingViewController.swift */ = {isa = PBXFileReference; lastKnownFileType = sourcecode.swift; path = PostingViewController.swift; sourceTree = "<group>"; };
		C7DEF2FD26D4A8CE0099C89D /* PostViewModel.swift */ = {isa = PBXFileReference; lastKnownFileType = sourcecode.swift; path = PostViewModel.swift; sourceTree = "<group>"; };
		C7DEF30126D4A9100099C89D /* PostModel.swift */ = {isa = PBXFileReference; lastKnownFileType = sourcecode.swift; path = PostModel.swift; sourceTree = "<group>"; };
		C7DEF30726D4A9820099C89D /* Networking.swift */ = {isa = PBXFileReference; lastKnownFileType = sourcecode.swift; path = Networking.swift; sourceTree = "<group>"; };
		C7DEF30926D4A9AC0099C89D /* PostAPIService.swift */ = {isa = PBXFileReference; lastKnownFileType = sourcecode.swift; path = PostAPIService.swift; sourceTree = "<group>"; };
		C7DEF30B26D4A9E10099C89D /* AppUrl.swift */ = {isa = PBXFileReference; lastKnownFileType = sourcecode.swift; path = AppUrl.swift; sourceTree = "<group>"; };
		C7DEF32626D51C3D0099C89D /* ImageCollectionCollectionViewCell.swift */ = {isa = PBXFileReference; lastKnownFileType = sourcecode.swift; path = ImageCollectionCollectionViewCell.swift; sourceTree = "<group>"; };
		C7E8C07F26D3F34E0009F10B /* PsotingTableViewCell1.swift */ = {isa = PBXFileReference; lastKnownFileType = sourcecode.swift; path = PsotingTableViewCell1.swift; sourceTree = "<group>"; };
/* End PBXFileReference section */

/* Begin PBXFrameworksBuildPhase section */
		C7BC170826D3D21200B7E4F8 /* Frameworks */ = {
			isa = PBXFrameworksBuildPhase;
			buildActionMask = 2147483647;
			files = (
			);
			runOnlyForDeploymentPostprocessing = 0;
		};
		C7BC171E26D3D21600B7E4F8 /* Frameworks */ = {
			isa = PBXFrameworksBuildPhase;
			buildActionMask = 2147483647;
			files = (
			);
			runOnlyForDeploymentPostprocessing = 0;
		};
		C7BC172926D3D21600B7E4F8 /* Frameworks */ = {
			isa = PBXFrameworksBuildPhase;
			buildActionMask = 2147483647;
			files = (
			);
			runOnlyForDeploymentPostprocessing = 0;
		};
/* End PBXFrameworksBuildPhase section */

/* Begin PBXGroup section */
		C7BC170226D3D21200B7E4F8 = {
			isa = PBXGroup;
			children = (
				C7BC170D26D3D21200B7E4F8 /* IllhaTask */,
				C7BC172426D3D21600B7E4F8 /* IllhaTaskTests */,
				C7BC172F26D3D21600B7E4F8 /* IllhaTaskUITests */,
				C7BC170C26D3D21200B7E4F8 /* Products */,
			);
			sourceTree = "<group>";
		};
		C7BC170C26D3D21200B7E4F8 /* Products */ = {
			isa = PBXGroup;
			children = (
				C7BC170B26D3D21200B7E4F8 /* IllhaTask.app */,
				C7BC172126D3D21600B7E4F8 /* IllhaTaskTests.xctest */,
				C7BC172C26D3D21600B7E4F8 /* IllhaTaskUITests.xctest */,
			);
			name = Products;
			sourceTree = "<group>";
		};
		C7BC170D26D3D21200B7E4F8 /* IllhaTask */ = {
			isa = PBXGroup;
			children = (
				C7DEF30626D4A9650099C89D /* Utils */,
				C7DEF30326D4A94F0099C89D /* Network */,
				C7BC174526D3DE2800B7E4F8 /* ViewModel */,
				C7BC174426D3DE2300B7E4F8 /* Model */,
				C7BC174326D3DE1B00B7E4F8 /* Controller */,
				C7BC173E26D3DDE400B7E4F8 /* AppDelegate */,
				C7BC171426D3D21200B7E4F8 /* Main.storyboard */,
				C7BC171726D3D21500B7E4F8 /* Assets.xcassets */,
				C7BC171926D3D21500B7E4F8 /* LaunchScreen.storyboard */,
				C7BC171C26D3D21500B7E4F8 /* Info.plist */,
			);
			path = IllhaTask;
			sourceTree = "<group>";
		};
		C7BC172426D3D21600B7E4F8 /* IllhaTaskTests */ = {
			isa = PBXGroup;
			children = (
				C7BC172526D3D21600B7E4F8 /* IllhaTaskTests.swift */,
				C7BC172726D3D21600B7E4F8 /* Info.plist */,
			);
			path = IllhaTaskTests;
			sourceTree = "<group>";
		};
		C7BC172F26D3D21600B7E4F8 /* IllhaTaskUITests */ = {
			isa = PBXGroup;
			children = (
				C7BC173026D3D21600B7E4F8 /* IllhaTaskUITests.swift */,
				C7BC173226D3D21600B7E4F8 /* Info.plist */,
			);
			path = IllhaTaskUITests;
			sourceTree = "<group>";
		};
		C7BC173E26D3DDE400B7E4F8 /* AppDelegate */ = {
			isa = PBXGroup;
			children = (
				C7BC173F26D3DE0400B7E4F8 /* AppDelegate.swift */,
				C7BC174026D3DE0400B7E4F8 /* SceneDelegate.swift */,
			);
			path = AppDelegate;
			sourceTree = "<group>";
		};
		C7BC174326D3DE1B00B7E4F8 /* Controller */ = {
			isa = PBXGroup;
			children = (
				C7E8C07E26D3F3340009F10B /* CellClass */,
				C7BC174626D3DEDA00B7E4F8 /* PostingViewController.swift */,
			);
			path = Controller;
			sourceTree = "<group>";
		};
		C7BC174426D3DE2300B7E4F8 /* Model */ = {
			isa = PBXGroup;
			children = (
				C7DEF30126D4A9100099C89D /* PostModel.swift */,
			);
			path = Model;
			sourceTree = "<group>";
		};
		C7BC174526D3DE2800B7E4F8 /* ViewModel */ = {
			isa = PBXGroup;
			children = (
				C7DEF2FD26D4A8CE0099C89D /* PostViewModel.swift */,
			);
			path = ViewModel;
			sourceTree = "<group>";
		};
		C7DEF30326D4A94F0099C89D /* Network */ = {
			isa = PBXGroup;
			children = (
				C7DEF30726D4A9820099C89D /* Networking.swift */,
				C7DEF30926D4A9AC0099C89D /* PostAPIService.swift */,
			);
			path = Network;
			sourceTree = "<group>";
		};
		C7DEF30626D4A9650099C89D /* Utils */ = {
			isa = PBXGroup;
			children = (
				C7DEF30B26D4A9E10099C89D /* AppUrl.swift */,
			);
			path = Utils;
			sourceTree = "<group>";
		};
		C7E8C07E26D3F3340009F10B /* CellClass */ = {
			isa = PBXGroup;
			children = (
				C7E8C07F26D3F34E0009F10B /* PsotingTableViewCell1.swift */,
				C7DEF32626D51C3D0099C89D /* ImageCollectionCollectionViewCell.swift */,
			);
			path = CellClass;
			sourceTree = "<group>";
		};
/* End PBXGroup section */

/* Begin PBXNativeTarget section */
		C7BC170A26D3D21200B7E4F8 /* IllhaTask */ = {
			isa = PBXNativeTarget;
			buildConfigurationList = C7BC173526D3D21600B7E4F8 /* Build configuration list for PBXNativeTarget "IllhaTask" */;
			buildPhases = (
				C7BC170726D3D21200B7E4F8 /* Sources */,
				C7BC170826D3D21200B7E4F8 /* Frameworks */,
				C7BC170926D3D21200B7E4F8 /* Resources */,
			);
			buildRules = (
			);
			dependencies = (
			);
			name = IllhaTask;
			productName = IllhaTask;
			productReference = C7BC170B26D3D21200B7E4F8 /* IllhaTask.app */;
			productType = "com.apple.product-type.application";
		};
		C7BC172026D3D21600B7E4F8 /* IllhaTaskTests */ = {
			isa = PBXNativeTarget;
			buildConfigurationList = C7BC173826D3D21600B7E4F8 /* Build configuration list for PBXNativeTarget "IllhaTaskTests" */;
			buildPhases = (
				C7BC171D26D3D21600B7E4F8 /* Sources */,
				C7BC171E26D3D21600B7E4F8 /* Frameworks */,
				C7BC171F26D3D21600B7E4F8 /* Resources */,
			);
			buildRules = (
			);
			dependencies = (
				C7BC172326D3D21600B7E4F8 /* PBXTargetDependency */,
			);
			name = IllhaTaskTests;
			productName = IllhaTaskTests;
			productReference = C7BC172126D3D21600B7E4F8 /* IllhaTaskTests.xctest */;
			productType = "com.apple.product-type.bundle.unit-test";
		};
		C7BC172B26D3D21600B7E4F8 /* IllhaTaskUITests */ = {
			isa = PBXNativeTarget;
			buildConfigurationList = C7BC173B26D3D21600B7E4F8 /* Build configuration list for PBXNativeTarget "IllhaTaskUITests" */;
			buildPhases = (
				C7BC172826D3D21600B7E4F8 /* Sources */,
				C7BC172926D3D21600B7E4F8 /* Frameworks */,
				C7BC172A26D3D21600B7E4F8 /* Resources */,
			);
			buildRules = (
			);
			dependencies = (
				C7BC172E26D3D21600B7E4F8 /* PBXTargetDependency */,
			);
			name = IllhaTaskUITests;
			productName = IllhaTaskUITests;
			productReference = C7BC172C26D3D21600B7E4F8 /* IllhaTaskUITests.xctest */;
			productType = "com.apple.product-type.bundle.ui-testing";
		};
/* End PBXNativeTarget section */

/* Begin PBXProject section */
		C7BC170326D3D21200B7E4F8 /* Project object */ = {
			isa = PBXProject;
			attributes = {
				LastSwiftUpdateCheck = 1250;
				LastUpgradeCheck = 1250;
				TargetAttributes = {
					C7BC170A26D3D21200B7E4F8 = {
						CreatedOnToolsVersion = 12.5.1;
					};
					C7BC172026D3D21600B7E4F8 = {
						CreatedOnToolsVersion = 12.5.1;
						TestTargetID = C7BC170A26D3D21200B7E4F8;
					};
					C7BC172B26D3D21600B7E4F8 = {
						CreatedOnToolsVersion = 12.5.1;
						TestTargetID = C7BC170A26D3D21200B7E4F8;
					};
				};
			};
			buildConfigurationList = C7BC170626D3D21200B7E4F8 /* Build configuration list for PBXProject "IllhaTask" */;
			compatibilityVersion = "Xcode 9.3";
			developmentRegion = en;
			hasScannedForEncodings = 0;
			knownRegions = (
				en,
				Base,
			);
			mainGroup = C7BC170226D3D21200B7E4F8;
			productRefGroup = C7BC170C26D3D21200B7E4F8 /* Products */;
			projectDirPath = "";
			projectRoot = "";
			targets = (
				C7BC170A26D3D21200B7E4F8 /* IllhaTask */,
				C7BC172026D3D21600B7E4F8 /* IllhaTaskTests */,
				C7BC172B26D3D21600B7E4F8 /* IllhaTaskUITests */,
			);
		};
/* End PBXProject section */

/* Begin PBXResourcesBuildPhase section */
		C7BC170926D3D21200B7E4F8 /* Resources */ = {
			isa = PBXResourcesBuildPhase;
			buildActionMask = 2147483647;
			files = (
				C7BC171B26D3D21500B7E4F8 /* LaunchScreen.storyboard in Resources */,
				C7BC171826D3D21500B7E4F8 /* Assets.xcassets in Resources */,
				C7BC171626D3D21200B7E4F8 /* Main.storyboard in Resources */,
			);
			runOnlyForDeploymentPostprocessing = 0;
		};
		C7BC171F26D3D21600B7E4F8 /* Resources */ = {
			isa = PBXResourcesBuildPhase;
			buildActionMask = 2147483647;
			files = (
			);
			runOnlyForDeploymentPostprocessing = 0;
		};
		C7BC172A26D3D21600B7E4F8 /* Resources */ = {
			isa = PBXResourcesBuildPhase;
			buildActionMask = 2147483647;
			files = (
			);
			runOnlyForDeploymentPostprocessing = 0;
		};
/* End PBXResourcesBuildPhase section */

/* Begin PBXSourcesBuildPhase section */
		C7BC170726D3D21200B7E4F8 /* Sources */ = {
			isa = PBXSourcesBuildPhase;
			buildActionMask = 2147483647;
			files = (
				C7DEF30A26D4A9AC0099C89D /* PostAPIService.swift in Sources */,
				C7DEF2FE26D4A8CE0099C89D /* PostViewModel.swift in Sources */,
				C7DEF32726D51C3D0099C89D /* ImageCollectionCollectionViewCell.swift in Sources */,
				C7DEF30226D4A9100099C89D /* PostModel.swift in Sources */,
				C7DEF30C26D4A9E10099C89D /* AppUrl.swift in Sources */,
				C7BC174126D3DE0400B7E4F8 /* AppDelegate.swift in Sources */,
				C7BC174726D3DEDA00B7E4F8 /* PostingViewController.swift in Sources */,
				C7E8C08026D3F34E0009F10B /* PsotingTableViewCell1.swift in Sources */,
				C7BC174226D3DE0400B7E4F8 /* SceneDelegate.swift in Sources */,
				C7DEF30826D4A9820099C89D /* Networking.swift in Sources */,
			);
			runOnlyForDeploymentPostprocessing = 0;
		};
		C7BC171D26D3D21600B7E4F8 /* Sources */ = {
			isa = PBXSourcesBuildPhase;
			buildActionMask = 2147483647;
			files = (
				C7BC172626D3D21600B7E4F8 /* IllhaTaskTests.swift in Sources */,
			);
			runOnlyForDeploymentPostprocessing = 0;
		};
		C7BC172826D3D21600B7E4F8 /* Sources */ = {
			isa = PBXSourcesBuildPhase;
			buildActionMask = 2147483647;
			files = (
				C7BC173126D3D21600B7E4F8 /* IllhaTaskUITests.swift in Sources */,
			);
			runOnlyForDeploymentPostprocessing = 0;
		};
/* End PBXSourcesBuildPhase section */

/* Begin PBXTargetDependency section */
		C7BC172326D3D21600B7E4F8 /* PBXTargetDependency */ = {
			isa = PBXTargetDependency;
			target = C7BC170A26D3D21200B7E4F8 /* IllhaTask */;
			targetProxy = C7BC172226D3D21600B7E4F8 /* PBXContainerItemProxy */;
		};
		C7BC172E26D3D21600B7E4F8 /* PBXTargetDependency */ = {
			isa = PBXTargetDependency;
			target = C7BC170A26D3D21200B7E4F8 /* IllhaTask */;
			targetProxy = C7BC172D26D3D21600B7E4F8 /* PBXContainerItemProxy */;
		};
/* End PBXTargetDependency section */

/* Begin PBXVariantGroup section */
		C7BC171426D3D21200B7E4F8 /* Main.storyboard */ = {
			isa = PBXVariantGroup;
			children = (
				C7BC171526D3D21200B7E4F8 /* Base */,
			);
			name = Main.storyboard;
			sourceTree = "<group>";
		};
		C7BC171926D3D21500B7E4F8 /* LaunchScreen.storyboard */ = {
			isa = PBXVariantGroup;
			children = (
				C7BC171A26D3D21500B7E4F8 /* Base */,
			);
			name = LaunchScreen.storyboard;
			sourceTree = "<group>";
		};
/* End PBXVariantGroup section */

/* Begin XCBuildConfiguration section */
		C7BC173326D3D21600B7E4F8 /* Debug */ = {
			isa = XCBuildConfiguration;
			buildSettings = {
				ALWAYS_SEARCH_USER_PATHS = NO;
				CLANG_ANALYZER_NONNULL = YES;
				CLANG_ANALYZER_NUMBER_OBJECT_CONVERSION = YES_AGGRESSIVE;
				CLANG_CXX_LANGUAGE_STANDARD = "gnu++14";
				CLANG_CXX_LIBRARY = "libc++";
				CLANG_ENABLE_MODULES = YES;
				CLANG_ENABLE_OBJC_ARC = YES;
				CLANG_ENABLE_OBJC_WEAK = YES;
				CLANG_WARN_BLOCK_CAPTURE_AUTORELEASING = YES;
				CLANG_WARN_BOOL_CONVERSION = YES;
				CLANG_WARN_COMMA = YES;
				CLANG_WARN_CONSTANT_CONVERSION = YES;
				CLANG_WARN_DEPRECATED_OBJC_IMPLEMENTATIONS = YES;
				CLANG_WARN_DIRECT_OBJC_ISA_USAGE = YES_ERROR;
				CLANG_WARN_DOCUMENTATION_COMMENTS = YES;
				CLANG_WARN_EMPTY_BODY = YES;
				CLANG_WARN_ENUM_CONVERSION = YES;
				CLANG_WARN_INFINITE_RECURSION = YES;
				CLANG_WARN_INT_CONVERSION = YES;
				CLANG_WARN_NON_LITERAL_NULL_CONVERSION = YES;
				CLANG_WARN_OBJC_IMPLICIT_RETAIN_SELF = YES;
				CLANG_WARN_OBJC_LITERAL_CONVERSION = YES;
				CLANG_WARN_OBJC_ROOT_CLASS = YES_ERROR;
				CLANG_WARN_QUOTED_INCLUDE_IN_FRAMEWORK_HEADER = YES;
				CLANG_WARN_RANGE_LOOP_ANALYSIS = YES;
				CLANG_WARN_STRICT_PROTOTYPES = YES;
				CLANG_WARN_SUSPICIOUS_MOVE = YES;
				CLANG_WARN_UNGUARDED_AVAILABILITY = YES_AGGRESSIVE;
				CLANG_WARN_UNREACHABLE_CODE = YES;
				CLANG_WARN__DUPLICATE_METHOD_MATCH = YES;
				COPY_PHASE_STRIP = NO;
				DEBUG_INFORMATION_FORMAT = dwarf;
				ENABLE_STRICT_OBJC_MSGSEND = YES;
				ENABLE_TESTABILITY = YES;
				GCC_C_LANGUAGE_STANDARD = gnu11;
				GCC_DYNAMIC_NO_PIC = NO;
				GCC_NO_COMMON_BLOCKS = YES;
				GCC_OPTIMIZATION_LEVEL = 0;
				GCC_PREPROCESSOR_DEFINITIONS = (
					"DEBUG=1",
					"$(inherited)",
				);
				GCC_WARN_64_TO_32_BIT_CONVERSION = YES;
				GCC_WARN_ABOUT_RETURN_TYPE = YES_ERROR;
				GCC_WARN_UNDECLARED_SELECTOR = YES;
				GCC_WARN_UNINITIALIZED_AUTOS = YES_AGGRESSIVE;
				GCC_WARN_UNUSED_FUNCTION = YES;
				GCC_WARN_UNUSED_VARIABLE = YES;
				IPHONEOS_DEPLOYMENT_TARGET = 14.5;
				MTL_ENABLE_DEBUG_INFO = INCLUDE_SOURCE;
				MTL_FAST_MATH = YES;
				ONLY_ACTIVE_ARCH = YES;
				SDKROOT = iphoneos;
				SWIFT_ACTIVE_COMPILATION_CONDITIONS = DEBUG;
				SWIFT_OPTIMIZATION_LEVEL = "-Onone";
			};
			name = Debug;
		};
		C7BC173426D3D21600B7E4F8 /* Release */ = {
			isa = XCBuildConfiguration;
			buildSettings = {
				ALWAYS_SEARCH_USER_PATHS = NO;
				CLANG_ANALYZER_NONNULL = YES;
				CLANG_ANALYZER_NUMBER_OBJECT_CONVERSION = YES_AGGRESSIVE;
				CLANG_CXX_LANGUAGE_STANDARD = "gnu++14";
				CLANG_CXX_LIBRARY = "libc++";
				CLANG_ENABLE_MODULES = YES;
				CLANG_ENABLE_OBJC_ARC = YES;
				CLANG_ENABLE_OBJC_WEAK = YES;
				CLANG_WARN_BLOCK_CAPTURE_AUTORELEASING = YES;
				CLANG_WARN_BOOL_CONVERSION = YES;
				CLANG_WARN_COMMA = YES;
				CLANG_WARN_CONSTANT_CONVERSION = YES;
				CLANG_WARN_DEPRECATED_OBJC_IMPLEMENTATIONS = YES;
				CLANG_WARN_DIRECT_OBJC_ISA_USAGE = YES_ERROR;
				CLANG_WARN_DOCUMENTATION_COMMENTS = YES;
				CLANG_WARN_EMPTY_BODY = YES;
				CLANG_WARN_ENUM_CONVERSION = YES;
				CLANG_WARN_INFINITE_RECURSION = YES;
				CLANG_WARN_INT_CONVERSION = YES;
				CLANG_WARN_NON_LITERAL_NULL_CONVERSION = YES;
				CLANG_WARN_OBJC_IMPLICIT_RETAIN_SELF = YES;
				CLANG_WARN_OBJC_LITERAL_CONVERSION = YES;
				CLANG_WARN_OBJC_ROOT_CLASS = YES_ERROR;
				CLANG_WARN_QUOTED_INCLUDE_IN_FRAMEWORK_HEADER = YES;
				CLANG_WARN_RANGE_LOOP_ANALYSIS = YES;
				CLANG_WARN_STRICT_PROTOTYPES = YES;
				CLANG_WARN_SUSPICIOUS_MOVE = YES;
				CLANG_WARN_UNGUARDED_AVAILABILITY = YES_AGGRESSIVE;
				CLANG_WARN_UNREACHABLE_CODE = YES;
				CLANG_WARN__DUPLICATE_METHOD_MATCH = YES;
				COPY_PHASE_STRIP = NO;
				DEBUG_INFORMATION_FORMAT = "dwarf-with-dsym";
				ENABLE_NS_ASSERTIONS = NO;
				ENABLE_STRICT_OBJC_MSGSEND = YES;
				GCC_C_LANGUAGE_STANDARD = gnu11;
				GCC_NO_COMMON_BLOCKS = YES;
				GCC_WARN_64_TO_32_BIT_CONVERSION = YES;
				GCC_WARN_ABOUT_RETURN_TYPE = YES_ERROR;
				GCC_WARN_UNDECLARED_SELECTOR = YES;
				GCC_WARN_UNINITIALIZED_AUTOS = YES_AGGRESSIVE;
				GCC_WARN_UNUSED_FUNCTION = YES;
				GCC_WARN_UNUSED_VARIABLE = YES;
				IPHONEOS_DEPLOYMENT_TARGET = 14.5;
				MTL_ENABLE_DEBUG_INFO = NO;
				MTL_FAST_MATH = YES;
				SDKROOT = iphoneos;
				SWIFT_COMPILATION_MODE = wholemodule;
				SWIFT_OPTIMIZATION_LEVEL = "-O";
				VALIDATE_PRODUCT = YES;
			};
			name = Release;
		};
		C7BC173626D3D21600B7E4F8 /* Debug */ = {
			isa = XCBuildConfiguration;
			buildSettings = {
				ASSETCATALOG_COMPILER_APPICON_NAME = AppIcon;
				ASSETCATALOG_COMPILER_GLOBAL_ACCENT_COLOR_NAME = AccentColor;
				CODE_SIGN_STYLE = Automatic;
				INFOPLIST_FILE = IllhaTask/Info.plist;
				LD_RUNPATH_SEARCH_PATHS = (
					"$(inherited)",
					"@executable_path/Frameworks",
				);
				PRODUCT_BUNDLE_IDENTIFIER = com.Njeek.IllhaTask;
				PRODUCT_NAME = "$(TARGET_NAME)";
				SWIFT_VERSION = 5.0;
				TARGETED_DEVICE_FAMILY = "1,2";
			};
			name = Debug;
		};
		C7BC173726D3D21600B7E4F8 /* Release */ = {
			isa = XCBuildConfiguration;
			buildSettings = {
				ASSETCATALOG_COMPILER_APPICON_NAME = AppIcon;
				ASSETCATALOG_COMPILER_GLOBAL_ACCENT_COLOR_NAME = AccentColor;
				CODE_SIGN_STYLE = Automatic;
				INFOPLIST_FILE = IllhaTask/Info.plist;
				LD_RUNPATH_SEARCH_PATHS = (
					"$(inherited)",
					"@executable_path/Frameworks",
				);
				PRODUCT_BUNDLE_IDENTIFIER = com.Njeek.IllhaTask;
				PRODUCT_NAME = "$(TARGET_NAME)";
				SWIFT_VERSION = 5.0;
				TARGETED_DEVICE_FAMILY = "1,2";
			};
			name = Release;
		};
		C7BC173926D3D21600B7E4F8 /* Debug */ = {
			isa = XCBuildConfiguration;
			buildSettings = {
				ALWAYS_EMBED_SWIFT_STANDARD_LIBRARIES = YES;
				BUNDLE_LOADER = "$(TEST_HOST)";
				CODE_SIGN_STYLE = Automatic;
				INFOPLIST_FILE = IllhaTaskTests/Info.plist;
				IPHONEOS_DEPLOYMENT_TARGET = 14.5;
				LD_RUNPATH_SEARCH_PATHS = (
					"$(inherited)",
					"@executable_path/Frameworks",
					"@loader_path/Frameworks",
				);
				PRODUCT_BUNDLE_IDENTIFIER = com.Njeek.IllhaTaskTests;
				PRODUCT_NAME = "$(TARGET_NAME)";
				SWIFT_VERSION = 5.0;
				TARGETED_DEVICE_FAMILY = "1,2";
				TEST_HOST = "$(BUILT_PRODUCTS_DIR)/IllhaTask.app/IllhaTask";
			};
			name = Debug;
		};
		C7BC173A26D3D21600B7E4F8 /* Release */ = {
			isa = XCBuildConfiguration;
			buildSettings = {
				ALWAYS_EMBED_SWIFT_STANDARD_LIBRARIES = YES;
				BUNDLE_LOADER = "$(TEST_HOST)";
				CODE_SIGN_STYLE = Automatic;
				INFOPLIST_FILE = IllhaTaskTests/Info.plist;
				IPHONEOS_DEPLOYMENT_TARGET = 14.5;
				LD_RUNPATH_SEARCH_PATHS = (
					"$(inherited)",
					"@executable_path/Frameworks",
					"@loader_path/Frameworks",
				);
				PRODUCT_BUNDLE_IDENTIFIER = com.Njeek.IllhaTaskTests;
				PRODUCT_NAME = "$(TARGET_NAME)";
				SWIFT_VERSION = 5.0;
				TARGETED_DEVICE_FAMILY = "1,2";
				TEST_HOST = "$(BUILT_PRODUCTS_DIR)/IllhaTask.app/IllhaTask";
			};
			name = Release;
		};
		C7BC173C26D3D21600B7E4F8 /* Debug */ = {
			isa = XCBuildConfiguration;
			buildSettings = {
				ALWAYS_EMBED_SWIFT_STANDARD_LIBRARIES = YES;
				CODE_SIGN_STYLE = Automatic;
				INFOPLIST_FILE = IllhaTaskUITests/Info.plist;
				LD_RUNPATH_SEARCH_PATHS = (
					"$(inherited)",
					"@executable_path/Frameworks",
					"@loader_path/Frameworks",
				);
				PRODUCT_BUNDLE_IDENTIFIER = com.Njeek.IllhaTaskUITests;
				PRODUCT_NAME = "$(TARGET_NAME)";
				SWIFT_VERSION = 5.0;
				TARGETED_DEVICE_FAMILY = "1,2";
				TEST_TARGET_NAME = IllhaTask;
			};
			name = Debug;
		};
		C7BC173D26D3D21600B7E4F8 /* Release */ = {
			isa = XCBuildConfiguration;
			buildSettings = {
				ALWAYS_EMBED_SWIFT_STANDARD_LIBRARIES = YES;
				CODE_SIGN_STYLE = Automatic;
				INFOPLIST_FILE = IllhaTaskUITests/Info.plist;
				LD_RUNPATH_SEARCH_PATHS = (
					"$(inherited)",
					"@executable_path/Frameworks",
					"@loader_path/Frameworks",
				);
				PRODUCT_BUNDLE_IDENTIFIER = com.Njeek.IllhaTaskUITests;
				PRODUCT_NAME = "$(TARGET_NAME)";
				SWIFT_VERSION = 5.0;
				TARGETED_DEVICE_FAMILY = "1,2";
				TEST_TARGET_NAME = IllhaTask;
			};
			name = Release;
		};
/* End XCBuildConfiguration section */

/* Begin XCConfigurationList section */
		C7BC170626D3D21200B7E4F8 /* Build configuration list for PBXProject "IllhaTask" */ = {
			isa = XCConfigurationList;
			buildConfigurations = (
				C7BC173326D3D21600B7E4F8 /* Debug */,
				C7BC173426D3D21600B7E4F8 /* Release */,
			);
			defaultConfigurationIsVisible = 0;
			defaultConfigurationName = Release;
		};
		C7BC173526D3D21600B7E4F8 /* Build configuration list for PBXNativeTarget "IllhaTask" */ = {
			isa = XCConfigurationList;
			buildConfigurations = (
				C7BC173626D3D21600B7E4F8 /* Debug */,
				C7BC173726D3D21600B7E4F8 /* Release */,
			);
			defaultConfigurationIsVisible = 0;
			defaultConfigurationName = Release;
		};
		C7BC173826D3D21600B7E4F8 /* Build configuration list for PBXNativeTarget "IllhaTaskTests" */ = {
			isa = XCConfigurationList;
			buildConfigurations = (
				C7BC173926D3D21600B7E4F8 /* Debug */,
				C7BC173A26D3D21600B7E4F8 /* Release */,
			);
			defaultConfigurationIsVisible = 0;
			defaultConfigurationName = Release;
		};
		C7BC173B26D3D21600B7E4F8 /* Build configuration list for PBXNativeTarget "IllhaTaskUITests" */ = {
			isa = XCConfigurationList;
			buildConfigurations = (
				C7BC173C26D3D21600B7E4F8 /* Debug */,
				C7BC173D26D3D21600B7E4F8 /* Release */,
			);
			defaultConfigurationIsVisible = 0;
			defaultConfigurationName = Release;
		};
/* End XCConfigurationList section */
	};
	rootObject = C7BC170326D3D21200B7E4F8 /* Project object */;
}
